
Microsoft Visual Studio Solution File, Format Version 12.00
# Visual Studio 15
VisualStudioVersion = 15.0.27428.2015
MinimumVisualStudioVersion = 10.0.40219.1
Project("{FAE04EC0-301F-11D3-BF4B-00C04F79EFBC}") = "MongoDBInDotnetCore", "MongoDBInDotnetCore\MongoDBInDotnetCore.csproj", "{1C220C75-4710-4503-B8D2-2CA3CD9C3BC7}"
EndProject
Global
	GlobalSection(SolutionConfigurationPlatforms) = preSolution
		Debug|Any CPU = Debug|Any CPU
		Release|Any CPU = Release|Any CPU
	EndGlobalSection
	GlobalSection(ProjectConfigurationPlatforms) = postSolution
		{1C220C75-4710-4503-B8D2-2CA3CD9C3BC7}.Debug|Any CPU.ActiveCfg = Debug|Any CPU
		{1C220C75-4710-4503-B8D2-2CA3CD9C3BC7}.Debug|Any CPU.Build.0 = Debug|Any CPU
		{1C220C75-4710-4503-B8D2-2CA3CD9C3BC7}.Release|Any CPU.ActiveCfg = Release|Any CPU
		{1C220C75-4710-4503-B8D2-2CA3CD9C3BC7}.Release|Any CPU.Build.0 = Release|Any CPU
	EndGlobalSection
	GlobalSection(SolutionProperties) = preSolution
		HideSolutionNode = FALSE
	EndGlobalSection
	GlobalSection(ExtensibilityGlobals) = postSolution
		SolutionGuid = {D862354F-03EB-44A9-B606-2E9C355F82DE}
	EndGlobalSection
EndGlobal
